
Microsoft Visual Studio Solution File, Format Version 12.00
# Visual Studio Version 17
VisualStudioVersion = 17.13.35919.96 d17.13
MinimumVisualStudioVersion = 10.0.40219.1
Project("{FAE04EC0-301F-11D3-BF4B-00C04F79EFBC}") = "Tournament", "Tournament\Tournament.csproj", "{DDA0580A-298E-413A-AE91-C5F93025475B}"
EndProject
Project("{FAE04EC0-301F-11D3-BF4B-00C04F79EFBC}") = "Tournament.DAL", "Tournament.DAL\Tournament.DAL.csproj", "{186E2C84-7CBC-462E-AF11-9FF118078958}"
EndProject
Global
	GlobalSection(SolutionConfigurationPlatforms) = preSolution
		Debug|Any CPU = Debug|Any CPU
		Release|Any CPU = Release|Any CPU
	EndGlobalSection
	GlobalSection(ProjectConfigurationPlatforms) = postSolution
		{DDA0580A-298E-413A-AE91-C5F93025475B}.Debug|Any CPU.ActiveCfg = Debug|Any CPU
		{DDA0580A-298E-413A-AE91-C5F93025475B}.Debug|Any CPU.Build.0 = Debug|Any CPU
		{DDA0580A-298E-413A-AE91-C5F93025475B}.Release|Any CPU.ActiveCfg = Release|Any CPU
		{DDA0580A-298E-413A-AE91-C5F93025475B}.Release|Any CPU.Build.0 = Release|Any CPU
		{186E2C84-7CBC-462E-AF11-9FF118078958}.Debug|Any CPU.ActiveCfg = Debug|Any CPU
		{186E2C84-7CBC-462E-AF11-9FF118078958}.Debug|Any CPU.Build.0 = Debug|Any CPU
		{186E2C84-7CBC-462E-AF11-9FF118078958}.Release|Any CPU.ActiveCfg = Release|Any CPU
		{186E2C84-7CBC-462E-AF11-9FF118078958}.Release|Any CPU.Build.0 = Release|Any CPU
	EndGlobalSection
	GlobalSection(SolutionProperties) = preSolution
		HideSolutionNode = FALSE
	EndGlobalSection
	GlobalSection(ExtensibilityGlobals) = postSolution
		SolutionGuid = {0C444A9C-B38F-429C-A6E2-5B7A0BF25B85}
	EndGlobalSection
EndGlobal
